
Microsoft Visual Studio Solution File, Format Version 12.00
# Visual Studio Version 17
VisualStudioVersion = 17.13.35931.197
MinimumVisualStudioVersion = 10.0.40219.1
Project("{FAE04EC0-301F-11D3-BF4B-00C04F79EFBC}") = "G4.Bots.Monitor", "G4.Bots.Monitor\G4.Bots.Monitor.csproj", "{986DF8F1-EDA1-4072-8374-B902B79CA1F0}"
EndProject
Project("{2150E333-8FDC-42A3-9474-1A3956D46DE8}") = ".git", ".git", "{02EA681E-C7D8-13C7-8484-4AC65E1B71E8}"
	ProjectSection(SolutionItems) = preProject
		..\.gitignore = ..\.gitignore
		..\LICENSE = ..\LICENSE
		..\README.md = ..\README.md
	EndProjectSection
EndProject
Project("{2150E333-8FDC-42A3-9474-1A3956D46DE8}") = ".github", ".github", "{37D9DC07-C766-46F1-BA0B-222D219745CC}"
	ProjectSection(SolutionItems) = preProject
		..\.github\workflows\release-pipline.yml = ..\.github\workflows\release-pipline.yml
	EndProjectSection
EndProject
Global
	GlobalSection(SolutionConfigurationPlatforms) = preSolution
		Debug|Any CPU = Debug|Any CPU
		Release|Any CPU = Release|Any CPU
	EndGlobalSection
	GlobalSection(ProjectConfigurationPlatforms) = postSolution
		{986DF8F1-EDA1-4072-8374-B902B79CA1F0}.Debug|Any CPU.ActiveCfg = Debug|Any CPU
		{986DF8F1-EDA1-4072-8374-B902B79CA1F0}.Debug|Any CPU.Build.0 = Debug|Any CPU
		{986DF8F1-EDA1-4072-8374-B902B79CA1F0}.Release|Any CPU.ActiveCfg = Release|Any CPU
		{986DF8F1-EDA1-4072-8374-B902B79CA1F0}.Release|Any CPU.Build.0 = Release|Any CPU
	EndGlobalSection
	GlobalSection(SolutionProperties) = preSolution
		HideSolutionNode = FALSE
	EndGlobalSection
	GlobalSection(ExtensibilityGlobals) = postSolution
		SolutionGuid = {F298FB95-BC4B-407B-9C55-9A86C9BC2623}
	EndGlobalSection
EndGlobal
